// !$*UTF8*$!
{
	archiveVersion = 1;
	classes = {
	};
	objectVersion = 56;
	objects = {

/* Begin PBXBuildFile section */
		78662D682A07C17500D41F60 /* WidgetAppearance.swift in Sources */ = {isa = PBXBuildFile; fileRef = 78662D672A07C17500D41F60 /* WidgetAppearance.swift */; };
		787899DD2A08ED1A001AD1D2 /* ErrorHandler.swift in Sources */ = {isa = PBXBuildFile; fileRef = 787899DC2A08ED1A001AD1D2 /* ErrorHandler.swift */; };
		787899DF2A08F31B001AD1D2 /* ParameterControlModule.swift in Sources */ = {isa = PBXBuildFile; fileRef = 787899DE2A08F31B001AD1D2 /* ParameterControlModule.swift */; };
		787899E12A08F337001AD1D2 /* RecordModule.swift in Sources */ = {isa = PBXBuildFile; fileRef = 787899E02A08F337001AD1D2 /* RecordModule.swift */; };
		787899E32A08F353001AD1D2 /* UnitsConvertingData.swift in Sources */ = {isa = PBXBuildFile; fileRef = 787899E22A08F353001AD1D2 /* UnitsConvertingData.swift */; };
		787899E52A09389F001AD1D2 /* String+Ext.swift in Sources */ = {isa = PBXBuildFile; fileRef = 787899E42A09389F001AD1D2 /* String+Ext.swift */; };
		789A22F12A05385600F178CE /* BodyParameterRecordViewController.swift in Sources */ = {isa = PBXBuildFile; fileRef = 789A22F02A05385600F178CE /* BodyParameterRecordViewController.swift */; };
		789A22F82A063D3400F178CE /* DateCell.swift in Sources */ = {isa = PBXBuildFile; fileRef = 789A22F72A063D3400F178CE /* DateCell.swift */; };
		789A22FA2A063D6F00F178CE /* DatePickerCell.swift in Sources */ = {isa = PBXBuildFile; fileRef = 789A22F92A063D6F00F178CE /* DatePickerCell.swift */; };
		789A22FC2A063DC900F178CE /* BodyParameterValueCell.swift in Sources */ = {isa = PBXBuildFile; fileRef = 789A22FB2A063DC900F178CE /* BodyParameterValueCell.swift */; };
		789A22FE2A0655E600F178CE /* UITableView+Ext.swift in Sources */ = {isa = PBXBuildFile; fileRef = 789A22FD2A0655E600F178CE /* UITableView+Ext.swift */; };
		789A23012A067C0300F178CE /* BodyParameterRecordViewModel.swift in Sources */ = {isa = PBXBuildFile; fileRef = 789A23002A067C0300F178CE /* BodyParameterRecordViewModel.swift */; };
		789A23062A06B91600F178CE /* UITextField+Ext.swift in Sources */ = {isa = PBXBuildFile; fileRef = 789A23052A06B91600F178CE /* UITextField+Ext.swift */; };
		789A230C2A06BE2C00F178CE /* FormattedRecord.swift in Sources */ = {isa = PBXBuildFile; fileRef = 789A230B2A06BE2C00F178CE /* FormattedRecord.swift */; };
		789A230E2A0784A900F178CE /* ModuleContentModel.swift in Sources */ = {isa = PBXBuildFile; fileRef = 789A230D2A0784A900F178CE /* ModuleContentModel.swift */; };
		789A23122A078A0500F178CE /* BaseCoordinator.swift in Sources */ = {isa = PBXBuildFile; fileRef = 789A23112A078A0500F178CE /* BaseCoordinator.swift */; };
		789A23142A078A1C00F178CE /* ModulesFactory.swift in Sources */ = {isa = PBXBuildFile; fileRef = 789A23132A078A1C00F178CE /* ModulesFactory.swift */; };
		789A23162A078A3300F178CE /* Router.swift in Sources */ = {isa = PBXBuildFile; fileRef = 789A23152A078A3300F178CE /* Router.swift */; };
		789A23182A078A6600F178CE /* UIViewController+Ext.swift in Sources */ = {isa = PBXBuildFile; fileRef = 789A23172A078A6600F178CE /* UIViewController+Ext.swift */; };
		789A231A2A078AD400F178CE /* CoordinatorFactory.swift in Sources */ = {isa = PBXBuildFile; fileRef = 789A23192A078AD400F178CE /* CoordinatorFactory.swift */; };
		789A231C2A078BB000F178CE /* AppCoordinator.swift in Sources */ = {isa = PBXBuildFile; fileRef = 789A231B2A078BB000F178CE /* AppCoordinator.swift */; };
		789A231E2A078C7F00F178CE /* WeightModuleCoordinator.swift in Sources */ = {isa = PBXBuildFile; fileRef = 789A231D2A078C7F00F178CE /* WeightModuleCoordinator.swift */; };
		78BF152F2A07E3BB00633787 /* UserDefaults+Ext.swift in Sources */ = {isa = PBXBuildFile; fileRef = 78BF152E2A07E3BB00633787 /* UserDefaults+Ext.swift */; };
		78BF15322A080C0500633787 /* ToastPresentable.swift in Sources */ = {isa = PBXBuildFile; fileRef = 78BF15312A080C0500633787 /* ToastPresentable.swift */; };
		78BF15342A080C8B00633787 /* ToastView.swift in Sources */ = {isa = PBXBuildFile; fileRef = 78BF15332A080C8B00633787 /* ToastView.swift */; };
		78BF15362A080D0D00633787 /* ToastMessage.swift in Sources */ = {isa = PBXBuildFile; fileRef = 78BF15352A080D0D00633787 /* ToastMessage.swift */; };
		78BF15382A0821C000633787 /* UIApplication+Ext.swift in Sources */ = {isa = PBXBuildFile; fileRef = 78BF15372A0821C000633787 /* UIApplication+Ext.swift */; };
		78BF153C2A0833B700633787 /* GraphItem.swift in Sources */ = {isa = PBXBuildFile; fileRef = 78BF153B2A0833B700633787 /* GraphItem.swift */; };
		78BF153E2A0833DB00633787 /* WidgetItem.swift in Sources */ = {isa = PBXBuildFile; fileRef = 78BF153D2A0833DB00633787 /* WidgetItem.swift */; };
		78BF15402A0833F100633787 /* TableItem.swift in Sources */ = {isa = PBXBuildFile; fileRef = 78BF153F2A0833F100633787 /* TableItem.swift */; };
		78BF15422A08346A00633787 /* BodyParameterAppearance.swift in Sources */ = {isa = PBXBuildFile; fileRef = 78BF15412A08346A00633787 /* BodyParameterAppearance.swift */; };
		78F119B42A0191EE00B52FB3 /* AppDelegate.swift in Sources */ = {isa = PBXBuildFile; fileRef = 78F119B32A0191EE00B52FB3 /* AppDelegate.swift */; };
		78F119B62A0191EE00B52FB3 /* SceneDelegate.swift in Sources */ = {isa = PBXBuildFile; fileRef = 78F119B52A0191EE00B52FB3 /* SceneDelegate.swift */; };
		78F119B82A0191EE00B52FB3 /* BodyParameterMonitorViewController.swift in Sources */ = {isa = PBXBuildFile; fileRef = 78F119B72A0191EE00B52FB3 /* BodyParameterMonitorViewController.swift */; };
		78F119BD2A0191EF00B52FB3 /* Assets.xcassets in Resources */ = {isa = PBXBuildFile; fileRef = 78F119BC2A0191EF00B52FB3 /* Assets.xcassets */; };
		78F119C02A0191EF00B52FB3 /* LaunchScreen.storyboard in Resources */ = {isa = PBXBuildFile; fileRef = 78F119BE2A0191EF00B52FB3 /* LaunchScreen.storyboard */; };
		78F119CB2A0192E100B52FB3 /* ModuleNavController.swift in Sources */ = {isa = PBXBuildFile; fileRef = 78F119CA2A0192E100B52FB3 /* ModuleNavController.swift */; };
		78F119CD2A019D0000B52FB3 /* UIColor+Ext.swift in Sources */ = {isa = PBXBuildFile; fileRef = 78F119CC2A019D0000B52FB3 /* UIColor+Ext.swift */; };
		78F119D12A019FA100B52FB3 /* WidgetCell.swift in Sources */ = {isa = PBXBuildFile; fileRef = 78F119D02A019FA100B52FB3 /* WidgetCell.swift */; };
		78F119D32A02C0CC00B52FB3 /* WeightControlDataSource.swift in Sources */ = {isa = PBXBuildFile; fileRef = 78F119D22A02C0CC00B52FB3 /* WeightControlDataSource.swift */; };
		78F119D52A02C26B00B52FB3 /* HistoryTableCell.swift in Sources */ = {isa = PBXBuildFile; fileRef = 78F119D42A02C26B00B52FB3 /* HistoryTableCell.swift */; };
		78F119D72A02CA8F00B52FB3 /* GraphCell.swift in Sources */ = {isa = PBXBuildFile; fileRef = 78F119D62A02CA8F00B52FB3 /* GraphCell.swift */; };
		78F119DA2A02D0D000B52FB3 /* HistorySectionHeaderView.swift in Sources */ = {isa = PBXBuildFile; fileRef = 78F119D92A02D0D000B52FB3 /* HistorySectionHeaderView.swift */; };
		78F119DC2A04169E00B52FB3 /* GraphSectionHeaderView.swift in Sources */ = {isa = PBXBuildFile; fileRef = 78F119DB2A04169E00B52FB3 /* GraphSectionHeaderView.swift */; };
		78F119DF2A04230800B52FB3 /* BodyParameterMonitorViewModel.swift in Sources */ = {isa = PBXBuildFile; fileRef = 78F119DE2A04230800B52FB3 /* BodyParameterMonitorViewModel.swift */; };
		78F119E12A042D5F00B52FB3 /* HistorySectionHeaderAppearance.swift in Sources */ = {isa = PBXBuildFile; fileRef = 78F119E02A042D5F00B52FB3 /* HistorySectionHeaderAppearance.swift */; };
		78F119E32A042D7B00B52FB3 /* GraphSectionHeaderAppearance.swift in Sources */ = {isa = PBXBuildFile; fileRef = 78F119E22A042D7B00B52FB3 /* GraphSectionHeaderAppearance.swift */; };
		78F119E72A042E7800B52FB3 /* SectionItem.swift in Sources */ = {isa = PBXBuildFile; fileRef = 78F119E62A042E7800B52FB3 /* SectionItem.swift */; };
		78F119E92A042E9D00B52FB3 /* SectionData.swift in Sources */ = {isa = PBXBuildFile; fileRef = 78F119E82A042E9D00B52FB3 /* SectionData.swift */; };
		78F119EB2A042EB100B52FB3 /* Section.swift in Sources */ = {isa = PBXBuildFile; fileRef = 78F119EA2A042EB100B52FB3 /* Section.swift */; };
		78F119F02A042FE900B52FB3 /* BodyParametersCoreDataModel.xcdatamodeld in Sources */ = {isa = PBXBuildFile; fileRef = 78F119EE2A042FE900B52FB3 /* BodyParametersCoreDataModel.xcdatamodeld */; };
		78F119F22A04302F00B52FB3 /* Context.swift in Sources */ = {isa = PBXBuildFile; fileRef = 78F119F12A04302F00B52FB3 /* Context.swift */; };
		78F119F42A0430F600B52FB3 /* BodyParameterRecord.swift in Sources */ = {isa = PBXBuildFile; fileRef = 78F119F32A0430F600B52FB3 /* BodyParameterRecord.swift */; };
		78F119F62A0431B300B52FB3 /* Date+Ext.swift in Sources */ = {isa = PBXBuildFile; fileRef = 78F119F52A0431B300B52FB3 /* Date+Ext.swift */; };
		78F119F82A0432F600B52FB3 /* WeightDataProvider.swift in Sources */ = {isa = PBXBuildFile; fileRef = 78F119F72A0432F600B52FB3 /* WeightDataProvider.swift */; };
		78F119FA2A0435A300B52FB3 /* WeightRecordManagedObject.swift in Sources */ = {isa = PBXBuildFile; fileRef = 78F119F92A0435A300B52FB3 /* WeightRecordManagedObject.swift */; };
/* End PBXBuildFile section */

/* Begin PBXFileReference section */
		78662D672A07C17500D41F60 /* WidgetAppearance.swift */ = {isa = PBXFileReference; lastKnownFileType = sourcecode.swift; path = WidgetAppearance.swift; sourceTree = "<group>"; };
		787899DC2A08ED1A001AD1D2 /* ErrorHandler.swift */ = {isa = PBXFileReference; lastKnownFileType = sourcecode.swift; path = ErrorHandler.swift; sourceTree = "<group>"; };
		787899DE2A08F31B001AD1D2 /* ParameterControlModule.swift */ = {isa = PBXFileReference; lastKnownFileType = sourcecode.swift; path = ParameterControlModule.swift; sourceTree = "<group>"; };
		787899E02A08F337001AD1D2 /* RecordModule.swift */ = {isa = PBXFileReference; lastKnownFileType = sourcecode.swift; path = RecordModule.swift; sourceTree = "<group>"; };
		787899E22A08F353001AD1D2 /* UnitsConvertingData.swift */ = {isa = PBXFileReference; lastKnownFileType = sourcecode.swift; path = UnitsConvertingData.swift; sourceTree = "<group>"; };
		787899E42A09389F001AD1D2 /* String+Ext.swift */ = {isa = PBXFileReference; lastKnownFileType = sourcecode.swift; path = "String+Ext.swift"; sourceTree = "<group>"; };
		789A22F02A05385600F178CE /* BodyParameterRecordViewController.swift */ = {isa = PBXFileReference; lastKnownFileType = sourcecode.swift; path = BodyParameterRecordViewController.swift; sourceTree = "<group>"; };
		789A22F72A063D3400F178CE /* DateCell.swift */ = {isa = PBXFileReference; lastKnownFileType = sourcecode.swift; path = DateCell.swift; sourceTree = "<group>"; };
		789A22F92A063D6F00F178CE /* DatePickerCell.swift */ = {isa = PBXFileReference; lastKnownFileType = sourcecode.swift; path = DatePickerCell.swift; sourceTree = "<group>"; };
		789A22FB2A063DC900F178CE /* BodyParameterValueCell.swift */ = {isa = PBXFileReference; lastKnownFileType = sourcecode.swift; path = BodyParameterValueCell.swift; sourceTree = "<group>"; };
		789A22FD2A0655E600F178CE /* UITableView+Ext.swift */ = {isa = PBXFileReference; lastKnownFileType = sourcecode.swift; path = "UITableView+Ext.swift"; sourceTree = "<group>"; };
		789A23002A067C0300F178CE /* BodyParameterRecordViewModel.swift */ = {isa = PBXFileReference; lastKnownFileType = sourcecode.swift; path = BodyParameterRecordViewModel.swift; sourceTree = "<group>"; };
		789A23052A06B91600F178CE /* UITextField+Ext.swift */ = {isa = PBXFileReference; lastKnownFileType = sourcecode.swift; path = "UITextField+Ext.swift"; sourceTree = "<group>"; };
		789A230B2A06BE2C00F178CE /* FormattedRecord.swift */ = {isa = PBXFileReference; lastKnownFileType = sourcecode.swift; path = FormattedRecord.swift; sourceTree = "<group>"; };
		789A230D2A0784A900F178CE /* ModuleContentModel.swift */ = {isa = PBXFileReference; lastKnownFileType = sourcecode.swift; path = ModuleContentModel.swift; sourceTree = "<group>"; };
		789A23112A078A0500F178CE /* BaseCoordinator.swift */ = {isa = PBXFileReference; lastKnownFileType = sourcecode.swift; path = BaseCoordinator.swift; sourceTree = "<group>"; };
		789A23132A078A1C00F178CE /* ModulesFactory.swift */ = {isa = PBXFileReference; lastKnownFileType = sourcecode.swift; path = ModulesFactory.swift; sourceTree = "<group>"; };
		789A23152A078A3300F178CE /* Router.swift */ = {isa = PBXFileReference; lastKnownFileType = sourcecode.swift; path = Router.swift; sourceTree = "<group>"; };
		789A23172A078A6600F178CE /* UIViewController+Ext.swift */ = {isa = PBXFileReference; lastKnownFileType = sourcecode.swift; path = "UIViewController+Ext.swift"; sourceTree = "<group>"; };
		789A23192A078AD400F178CE /* CoordinatorFactory.swift */ = {isa = PBXFileReference; lastKnownFileType = sourcecode.swift; path = CoordinatorFactory.swift; sourceTree = "<group>"; };
		789A231B2A078BB000F178CE /* AppCoordinator.swift */ = {isa = PBXFileReference; lastKnownFileType = sourcecode.swift; path = AppCoordinator.swift; sourceTree = "<group>"; };
		789A231D2A078C7F00F178CE /* WeightModuleCoordinator.swift */ = {isa = PBXFileReference; lastKnownFileType = sourcecode.swift; path = WeightModuleCoordinator.swift; sourceTree = "<group>"; };
		78BF152E2A07E3BB00633787 /* UserDefaults+Ext.swift */ = {isa = PBXFileReference; lastKnownFileType = sourcecode.swift; path = "UserDefaults+Ext.swift"; sourceTree = "<group>"; };
		78BF15312A080C0500633787 /* ToastPresentable.swift */ = {isa = PBXFileReference; lastKnownFileType = sourcecode.swift; path = ToastPresentable.swift; sourceTree = "<group>"; };
		78BF15332A080C8B00633787 /* ToastView.swift */ = {isa = PBXFileReference; lastKnownFileType = sourcecode.swift; path = ToastView.swift; sourceTree = "<group>"; };
		78BF15352A080D0D00633787 /* ToastMessage.swift */ = {isa = PBXFileReference; lastKnownFileType = sourcecode.swift; path = ToastMessage.swift; sourceTree = "<group>"; };
		78BF15372A0821C000633787 /* UIApplication+Ext.swift */ = {isa = PBXFileReference; lastKnownFileType = sourcecode.swift; path = "UIApplication+Ext.swift"; sourceTree = "<group>"; };
		78BF153B2A0833B700633787 /* GraphItem.swift */ = {isa = PBXFileReference; lastKnownFileType = sourcecode.swift; path = GraphItem.swift; sourceTree = "<group>"; };
		78BF153D2A0833DB00633787 /* WidgetItem.swift */ = {isa = PBXFileReference; lastKnownFileType = sourcecode.swift; path = WidgetItem.swift; sourceTree = "<group>"; };
		78BF153F2A0833F100633787 /* TableItem.swift */ = {isa = PBXFileReference; lastKnownFileType = sourcecode.swift; path = TableItem.swift; sourceTree = "<group>"; };
		78BF15412A08346A00633787 /* BodyParameterAppearance.swift */ = {isa = PBXFileReference; lastKnownFileType = sourcecode.swift; path = BodyParameterAppearance.swift; sourceTree = "<group>"; };
		78F119B02A0191EE00B52FB3 /* WeightMonitor.app */ = {isa = PBXFileReference; explicitFileType = wrapper.application; includeInIndex = 0; path = WeightMonitor.app; sourceTree = BUILT_PRODUCTS_DIR; };
		78F119B32A0191EE00B52FB3 /* AppDelegate.swift */ = {isa = PBXFileReference; lastKnownFileType = sourcecode.swift; path = AppDelegate.swift; sourceTree = "<group>"; };
		78F119B52A0191EE00B52FB3 /* SceneDelegate.swift */ = {isa = PBXFileReference; lastKnownFileType = sourcecode.swift; path = SceneDelegate.swift; sourceTree = "<group>"; };
		78F119B72A0191EE00B52FB3 /* BodyParameterMonitorViewController.swift */ = {isa = PBXFileReference; lastKnownFileType = sourcecode.swift; path = BodyParameterMonitorViewController.swift; sourceTree = "<group>"; };
		78F119BC2A0191EF00B52FB3 /* Assets.xcassets */ = {isa = PBXFileReference; lastKnownFileType = folder.assetcatalog; path = Assets.xcassets; sourceTree = "<group>"; };
		78F119BF2A0191EF00B52FB3 /* Base */ = {isa = PBXFileReference; lastKnownFileType = file.storyboard; name = Base; path = Base.lproj/LaunchScreen.storyboard; sourceTree = "<group>"; };
		78F119C12A0191EF00B52FB3 /* Info.plist */ = {isa = PBXFileReference; lastKnownFileType = text.plist.xml; path = Info.plist; sourceTree = "<group>"; };
		78F119CA2A0192E100B52FB3 /* ModuleNavController.swift */ = {isa = PBXFileReference; lastKnownFileType = sourcecode.swift; path = ModuleNavController.swift; sourceTree = "<group>"; };
		78F119CC2A019D0000B52FB3 /* UIColor+Ext.swift */ = {isa = PBXFileReference; lastKnownFileType = sourcecode.swift; path = "UIColor+Ext.swift"; sourceTree = "<group>"; };
		78F119D02A019FA100B52FB3 /* WidgetCell.swift */ = {isa = PBXFileReference; lastKnownFileType = sourcecode.swift; path = WidgetCell.swift; sourceTree = "<group>"; };
		78F119D22A02C0CC00B52FB3 /* WeightControlDataSource.swift */ = {isa = PBXFileReference; lastKnownFileType = sourcecode.swift; path = WeightControlDataSource.swift; sourceTree = "<group>"; };
		78F119D42A02C26B00B52FB3 /* HistoryTableCell.swift */ = {isa = PBXFileReference; lastKnownFileType = sourcecode.swift; path = HistoryTableCell.swift; sourceTree = "<group>"; };
		78F119D62A02CA8F00B52FB3 /* GraphCell.swift */ = {isa = PBXFileReference; lastKnownFileType = sourcecode.swift; path = GraphCell.swift; sourceTree = "<group>"; };
		78F119D92A02D0D000B52FB3 /* HistorySectionHeaderView.swift */ = {isa = PBXFileReference; lastKnownFileType = sourcecode.swift; path = HistorySectionHeaderView.swift; sourceTree = "<group>"; };
		78F119DB2A04169E00B52FB3 /* GraphSectionHeaderView.swift */ = {isa = PBXFileReference; lastKnownFileType = sourcecode.swift; path = GraphSectionHeaderView.swift; sourceTree = "<group>"; };
		78F119DE2A04230800B52FB3 /* BodyParameterMonitorViewModel.swift */ = {isa = PBXFileReference; lastKnownFileType = sourcecode.swift; path = BodyParameterMonitorViewModel.swift; sourceTree = "<group>"; };
		78F119E02A042D5F00B52FB3 /* HistorySectionHeaderAppearance.swift */ = {isa = PBXFileReference; lastKnownFileType = sourcecode.swift; path = HistorySectionHeaderAppearance.swift; sourceTree = "<group>"; };
		78F119E22A042D7B00B52FB3 /* GraphSectionHeaderAppearance.swift */ = {isa = PBXFileReference; lastKnownFileType = sourcecode.swift; path = GraphSectionHeaderAppearance.swift; sourceTree = "<group>"; };
		78F119E62A042E7800B52FB3 /* SectionItem.swift */ = {isa = PBXFileReference; lastKnownFileType = sourcecode.swift; path = SectionItem.swift; sourceTree = "<group>"; };
		78F119E82A042E9D00B52FB3 /* SectionData.swift */ = {isa = PBXFileReference; lastKnownFileType = sourcecode.swift; path = SectionData.swift; sourceTree = "<group>"; };
		78F119EA2A042EB100B52FB3 /* Section.swift */ = {isa = PBXFileReference; lastKnownFileType = sourcecode.swift; path = Section.swift; sourceTree = "<group>"; };
		78F119EF2A042FE900B52FB3 /* WeightCoreDataModel.xcdatamodel */ = {isa = PBXFileReference; lastKnownFileType = wrapper.xcdatamodel; path = WeightCoreDataModel.xcdatamodel; sourceTree = "<group>"; };
		78F119F12A04302F00B52FB3 /* Context.swift */ = {isa = PBXFileReference; lastKnownFileType = sourcecode.swift; path = Context.swift; sourceTree = "<group>"; };
		78F119F32A0430F600B52FB3 /* BodyParameterRecord.swift */ = {isa = PBXFileReference; lastKnownFileType = sourcecode.swift; path = BodyParameterRecord.swift; sourceTree = "<group>"; };
		78F119F52A0431B300B52FB3 /* Date+Ext.swift */ = {isa = PBXFileReference; lastKnownFileType = sourcecode.swift; path = "Date+Ext.swift"; sourceTree = "<group>"; };
		78F119F72A0432F600B52FB3 /* WeightDataProvider.swift */ = {isa = PBXFileReference; lastKnownFileType = sourcecode.swift; path = WeightDataProvider.swift; sourceTree = "<group>"; };
		78F119F92A0435A300B52FB3 /* WeightRecordManagedObject.swift */ = {isa = PBXFileReference; lastKnownFileType = sourcecode.swift; path = WeightRecordManagedObject.swift; sourceTree = "<group>"; };
/* End PBXFileReference section */

/* Begin PBXFrameworksBuildPhase section */
		78F119AD2A0191EE00B52FB3 /* Frameworks */ = {
			isa = PBXFrameworksBuildPhase;
			buildActionMask = 2147483647;
			files = (
			);
			runOnlyForDeploymentPostprocessing = 0;
		};
/* End PBXFrameworksBuildPhase section */

/* Begin PBXGroup section */
		781F34DF2A09918D001E6943 /* Toast */ = {
			isa = PBXGroup;
			children = (
				78BF15312A080C0500633787 /* ToastPresentable.swift */,
				78BF15332A080C8B00633787 /* ToastView.swift */,
				78BF15352A080D0D00633787 /* ToastMessage.swift */,
			);
			name = Toast;
			sourceTree = "<group>";
		};
		78662D662A07B2B900D41F60 /* Coordinators */ = {
			isa = PBXGroup;
			children = (
				789A231B2A078BB000F178CE /* AppCoordinator.swift */,
				789A231D2A078C7F00F178CE /* WeightModuleCoordinator.swift */,
			);
			path = Coordinators;
			sourceTree = "<group>";
		};
		789A22EF2A05383900F178CE /* BodyParameterRecord */ = {
			isa = PBXGroup;
			children = (
				789A22F52A063D0800F178CE /* Cells */,
				789A22F02A05385600F178CE /* BodyParameterRecordViewController.swift */,
				789A23002A067C0300F178CE /* BodyParameterRecordViewModel.swift */,
			);
			path = BodyParameterRecord;
			sourceTree = "<group>";
		};
		789A22F52A063D0800F178CE /* Cells */ = {
			isa = PBXGroup;
			children = (
				789A22F72A063D3400F178CE /* DateCell.swift */,
				789A22F92A063D6F00F178CE /* DatePickerCell.swift */,
				789A22FB2A063DC900F178CE /* BodyParameterValueCell.swift */,
			);
			path = Cells;
			sourceTree = "<group>";
		};
		789A22FF2A0669AD00F178CE /* UI */ = {
			isa = PBXGroup;
			children = (
				789A22FD2A0655E600F178CE /* UITableView+Ext.swift */,
				78F119CC2A019D0000B52FB3 /* UIColor+Ext.swift */,
				789A23052A06B91600F178CE /* UITextField+Ext.swift */,
				789A23172A078A6600F178CE /* UIViewController+Ext.swift */,
				78BF15372A0821C000633787 /* UIApplication+Ext.swift */,
			);
			path = UI;
			sourceTree = "<group>";
		};
		789A230A2A06BE0E00F178CE /* Model */ = {
			isa = PBXGroup;
			children = (
				789A230B2A06BE2C00F178CE /* FormattedRecord.swift */,
			);
			path = Model;
			sourceTree = "<group>";
		};
		789A23102A0789CA00F178CE /* AppBasic */ = {
			isa = PBXGroup;
			children = (
				78BF15392A08336800633787 /* ContentModels */,
				78662D662A07B2B900D41F60 /* Coordinators */,
				789A23112A078A0500F178CE /* BaseCoordinator.swift */,
				789A23192A078AD400F178CE /* CoordinatorFactory.swift */,
				789A23132A078A1C00F178CE /* ModulesFactory.swift */,
				789A23152A078A3300F178CE /* Router.swift */,
				789A230D2A0784A900F178CE /* ModuleContentModel.swift */,
				787899DC2A08ED1A001AD1D2 /* ErrorHandler.swift */,
			);
			path = AppBasic;
			sourceTree = "<group>";
		};
		78BF15302A080BDD00633787 /* CommonPresentation */ = {
			isa = PBXGroup;
			children = (
				781F34DF2A09918D001E6943 /* Toast */,
			);
			path = CommonPresentation;
			sourceTree = "<group>";
		};
		78BF15392A08336800633787 /* ContentModels */ = {
			isa = PBXGroup;
			children = (
				78662D672A07C17500D41F60 /* WidgetAppearance.swift */,
				78BF15412A08346A00633787 /* BodyParameterAppearance.swift */,
				787899DE2A08F31B001AD1D2 /* ParameterControlModule.swift */,
				787899E02A08F337001AD1D2 /* RecordModule.swift */,
				787899E22A08F353001AD1D2 /* UnitsConvertingData.swift */,
			);
			path = ContentModels;
			sourceTree = "<group>";
		};
		78BF153A2A08339C00633787 /* Models */ = {
			isa = PBXGroup;
			children = (
				78BF153B2A0833B700633787 /* GraphItem.swift */,
				78BF153D2A0833DB00633787 /* WidgetItem.swift */,
				78BF153F2A0833F100633787 /* TableItem.swift */,
			);
			path = Models;
			sourceTree = "<group>";
		};
		78F119A72A0191EE00B52FB3 = {
			isa = PBXGroup;
			children = (
				78F119B22A0191EE00B52FB3 /* WeightMonitor */,
				78F119B12A0191EE00B52FB3 /* Products */,
			);
			sourceTree = "<group>";
		};
		78F119B12A0191EE00B52FB3 /* Products */ = {
			isa = PBXGroup;
			children = (
				78F119B02A0191EE00B52FB3 /* WeightMonitor.app */,
			);
			name = Products;
			sourceTree = "<group>";
		};
		78F119B22A0191EE00B52FB3 /* WeightMonitor */ = {
			isa = PBXGroup;
			children = (
				78F119C92A01921D00B52FB3 /* App */,
				789A23102A0789CA00F178CE /* AppBasic */,
				78F119C82A01920E00B52FB3 /* Presentation */,
				78BF15302A080BDD00633787 /* CommonPresentation */,
				78F119ED2A042F0900B52FB3 /* CoreData */,
				78F119CE2A019D0400B52FB3 /* Helpers */,
				78F119C72A01920100B52FB3 /* Supporting Files */,
				78F119C12A0191EF00B52FB3 /* Info.plist */,
			);
			path = WeightMonitor;
			sourceTree = "<group>";
		};
		78F119C72A01920100B52FB3 /* Supporting Files */ = {
			isa = PBXGroup;
			children = (
				78F119BC2A0191EF00B52FB3 /* Assets.xcassets */,
				78F119BE2A0191EF00B52FB3 /* LaunchScreen.storyboard */,
			);
			path = "Supporting Files";
			sourceTree = "<group>";
		};
		78F119C82A01920E00B52FB3 /* Presentation */ = {
			isa = PBXGroup;
			children = (
				78F119CA2A0192E100B52FB3 /* ModuleNavController.swift */,
				78F119DD2A0422BF00B52FB3 /* BodyParameterMonitor */,
				789A22EF2A05383900F178CE /* BodyParameterRecord */,
			);
			path = Presentation;
			sourceTree = "<group>";
		};
		78F119C92A01921D00B52FB3 /* App */ = {
			isa = PBXGroup;
			children = (
				78F119B32A0191EE00B52FB3 /* AppDelegate.swift */,
				78F119B52A0191EE00B52FB3 /* SceneDelegate.swift */,
			);
			path = App;
			sourceTree = "<group>";
		};
		78F119CE2A019D0400B52FB3 /* Helpers */ = {
			isa = PBXGroup;
			children = (
				789A22FF2A0669AD00F178CE /* UI */,
				78F119F52A0431B300B52FB3 /* Date+Ext.swift */,
				78BF152E2A07E3BB00633787 /* UserDefaults+Ext.swift */,
				787899E42A09389F001AD1D2 /* String+Ext.swift */,
			);
			path = Helpers;
			sourceTree = "<group>";
		};
		78F119CF2A019F7300B52FB3 /* Cells */ = {
			isa = PBXGroup;
			children = (
				78BF153A2A08339C00633787 /* Models */,
				78F119D02A019FA100B52FB3 /* WidgetCell.swift */,
				78F119D62A02CA8F00B52FB3 /* GraphCell.swift */,
				78F119D42A02C26B00B52FB3 /* HistoryTableCell.swift */,
			);
			path = Cells;
			sourceTree = "<group>";
		};
		78F119D82A02D0A200B52FB3 /* Headers */ = {
			isa = PBXGroup;
			children = (
				78F119E42A042D8F00B52FB3 /* Models */,
				78F119D92A02D0D000B52FB3 /* HistorySectionHeaderView.swift */,
				78F119DB2A04169E00B52FB3 /* GraphSectionHeaderView.swift */,
			);
			path = Headers;
			sourceTree = "<group>";
		};
		78F119DD2A0422BF00B52FB3 /* BodyParameterMonitor */ = {
			isa = PBXGroup;
			children = (
				789A230A2A06BE0E00F178CE /* Model */,
				78F119E52A042E5F00B52FB3 /* DataSource */,
				78F119CF2A019F7300B52FB3 /* Cells */,
				78F119D82A02D0A200B52FB3 /* Headers */,
				78F119B72A0191EE00B52FB3 /* BodyParameterMonitorViewController.swift */,
				78F119DE2A04230800B52FB3 /* BodyParameterMonitorViewModel.swift */,
			);
			path = BodyParameterMonitor;
			sourceTree = "<group>";
		};
		78F119E42A042D8F00B52FB3 /* Models */ = {
			isa = PBXGroup;
			children = (
				78F119E02A042D5F00B52FB3 /* HistorySectionHeaderAppearance.swift */,
				78F119E22A042D7B00B52FB3 /* GraphSectionHeaderAppearance.swift */,
			);
			path = Models;
			sourceTree = "<group>";
		};
		78F119E52A042E5F00B52FB3 /* DataSource */ = {
			isa = PBXGroup;
			children = (
				78F119EC2A042EBA00B52FB3 /* Models */,
				78F119D22A02C0CC00B52FB3 /* WeightControlDataSource.swift */,
			);
			path = DataSource;
			sourceTree = "<group>";
		};
		78F119EC2A042EBA00B52FB3 /* Models */ = {
			isa = PBXGroup;
			children = (
				78F119EA2A042EB100B52FB3 /* Section.swift */,
				78F119E62A042E7800B52FB3 /* SectionItem.swift */,
				78F119E82A042E9D00B52FB3 /* SectionData.swift */,
			);
			path = Models;
			sourceTree = "<group>";
		};
		78F119ED2A042F0900B52FB3 /* CoreData */ = {
			isa = PBXGroup;
			children = (
				78F119FB2A0438ED00B52FB3 /* Models */,
				78F119F72A0432F600B52FB3 /* WeightDataProvider.swift */,
				78F119F12A04302F00B52FB3 /* Context.swift */,
			);
			path = CoreData;
			sourceTree = "<group>";
		};
		78F119FB2A0438ED00B52FB3 /* Models */ = {
			isa = PBXGroup;
			children = (
				78F119F32A0430F600B52FB3 /* BodyParameterRecord.swift */,
				78F119F92A0435A300B52FB3 /* WeightRecordManagedObject.swift */,
				78F119EE2A042FE900B52FB3 /* BodyParametersCoreDataModel.xcdatamodeld */,
			);
			path = Models;
			sourceTree = "<group>";
		};
/* End PBXGroup section */

/* Begin PBXNativeTarget section */
		78F119AF2A0191EE00B52FB3 /* WeightMonitor */ = {
			isa = PBXNativeTarget;
			buildConfigurationList = 78F119C42A0191EF00B52FB3 /* Build configuration list for PBXNativeTarget "WeightMonitor" */;
			buildPhases = (
				78F119AC2A0191EE00B52FB3 /* Sources */,
				78F119AD2A0191EE00B52FB3 /* Frameworks */,
				78F119AE2A0191EE00B52FB3 /* Resources */,
				789A23092A06BC4400F178CE /* ShellScript */,
			);
			buildRules = (
			);
			dependencies = (
			);
			name = WeightMonitor;
			productName = WeightMonitor;
			productReference = 78F119B02A0191EE00B52FB3 /* WeightMonitor.app */;
			productType = "com.apple.product-type.application";
		};
/* End PBXNativeTarget section */

/* Begin PBXProject section */
		78F119A82A0191EE00B52FB3 /* Project object */ = {
			isa = PBXProject;
			attributes = {
				BuildIndependentTargetsInParallel = 1;
				LastSwiftUpdateCheck = 1430;
				LastUpgradeCheck = 1430;
				TargetAttributes = {
					78F119AF2A0191EE00B52FB3 = {
						CreatedOnToolsVersion = 14.3;
					};
				};
			};
			buildConfigurationList = 78F119AB2A0191EE00B52FB3 /* Build configuration list for PBXProject "WeightMonitor" */;
			compatibilityVersion = "Xcode 14.0";
			developmentRegion = en;
			hasScannedForEncodings = 0;
			knownRegions = (
				en,
				Base,
			);
			mainGroup = 78F119A72A0191EE00B52FB3;
			productRefGroup = 78F119B12A0191EE00B52FB3 /* Products */;
			projectDirPath = "";
			projectRoot = "";
			targets = (
				78F119AF2A0191EE00B52FB3 /* WeightMonitor */,
			);
		};
/* End PBXProject section */

/* Begin PBXResourcesBuildPhase section */
		78F119AE2A0191EE00B52FB3 /* Resources */ = {
			isa = PBXResourcesBuildPhase;
			buildActionMask = 2147483647;
			files = (
				78F119C02A0191EF00B52FB3 /* LaunchScreen.storyboard in Resources */,
				78F119BD2A0191EF00B52FB3 /* Assets.xcassets in Resources */,
			);
			runOnlyForDeploymentPostprocessing = 0;
		};
/* End PBXResourcesBuildPhase section */

/* Begin PBXShellScriptBuildPhase section */
		789A23092A06BC4400F178CE /* ShellScript */ = {
			isa = PBXShellScriptBuildPhase;
			buildActionMask = 2147483647;
			files = (
			);
			inputFileListPaths = (
			);
			inputPaths = (
			);
			outputFileListPaths = (
			);
			outputPaths = (
			);
			runOnlyForDeploymentPostprocessing = 0;
			shellPath = /bin/sh;
			shellScript = "if which swiftlint >/dev/null; then\n  swiftlint\nelse\n  echo \"warning: SwiftLint not installed, download from https://github.com/realm/SwiftLint\"\nfi\n";
		};
/* End PBXShellScriptBuildPhase section */

/* Begin PBXSourcesBuildPhase section */
		78F119AC2A0191EE00B52FB3 /* Sources */ = {
			isa = PBXSourcesBuildPhase;
			buildActionMask = 2147483647;
			files = (
				789A22FC2A063DC900F178CE /* BodyParameterValueCell.swift in Sources */,
				78BF15402A0833F100633787 /* TableItem.swift in Sources */,
				78F119EB2A042EB100B52FB3 /* Section.swift in Sources */,
				789A22FE2A0655E600F178CE /* UITableView+Ext.swift in Sources */,
				78662D682A07C17500D41F60 /* WidgetAppearance.swift in Sources */,
				78F119D72A02CA8F00B52FB3 /* GraphCell.swift in Sources */,
				78F119F42A0430F600B52FB3 /* BodyParameterRecord.swift in Sources */,
				789A230E2A0784A900F178CE /* ModuleContentModel.swift in Sources */,
				78BF15382A0821C000633787 /* UIApplication+Ext.swift in Sources */,
				78BF15362A080D0D00633787 /* ToastMessage.swift in Sources */,
				789A23062A06B91600F178CE /* UITextField+Ext.swift in Sources */,
				78F119D32A02C0CC00B52FB3 /* WeightControlDataSource.swift in Sources */,
				78F119DF2A04230800B52FB3 /* BodyParameterMonitorViewModel.swift in Sources */,
				78F119E72A042E7800B52FB3 /* SectionItem.swift in Sources */,
				789A23142A078A1C00F178CE /* ModulesFactory.swift in Sources */,
				789A22F12A05385600F178CE /* BodyParameterRecordViewController.swift in Sources */,
				78F119F22A04302F00B52FB3 /* Context.swift in Sources */,
				78F119DC2A04169E00B52FB3 /* GraphSectionHeaderView.swift in Sources */,
				78F119F02A042FE900B52FB3 /* BodyParametersCoreDataModel.xcdatamodeld in Sources */,
				78F119CB2A0192E100B52FB3 /* ModuleNavController.swift in Sources */,
				78BF153C2A0833B700633787 /* GraphItem.swift in Sources */,
				789A22F82A063D3400F178CE /* DateCell.swift in Sources */,
				78BF152F2A07E3BB00633787 /* UserDefaults+Ext.swift in Sources */,
				789A23162A078A3300F178CE /* Router.swift in Sources */,
				78F119B82A0191EE00B52FB3 /* BodyParameterMonitorViewController.swift in Sources */,
				78F119D52A02C26B00B52FB3 /* HistoryTableCell.swift in Sources */,
				78BF153E2A0833DB00633787 /* WidgetItem.swift in Sources */,
				78F119F62A0431B300B52FB3 /* Date+Ext.swift in Sources */,
				789A231A2A078AD400F178CE /* CoordinatorFactory.swift in Sources */,
				78F119FA2A0435A300B52FB3 /* WeightRecordManagedObject.swift in Sources */,
				78F119E32A042D7B00B52FB3 /* GraphSectionHeaderAppearance.swift in Sources */,
				789A230C2A06BE2C00F178CE /* FormattedRecord.swift in Sources */,
				789A231E2A078C7F00F178CE /* WeightModuleCoordinator.swift in Sources */,
				78BF15342A080C8B00633787 /* ToastView.swift in Sources */,
				787899E12A08F337001AD1D2 /* RecordModule.swift in Sources */,
				78F119CD2A019D0000B52FB3 /* UIColor+Ext.swift in Sources */,
				787899E52A09389F001AD1D2 /* String+Ext.swift in Sources */,
				78F119B42A0191EE00B52FB3 /* AppDelegate.swift in Sources */,
				789A23182A078A6600F178CE /* UIViewController+Ext.swift in Sources */,
				787899DD2A08ED1A001AD1D2 /* ErrorHandler.swift in Sources */,
				789A22FA2A063D6F00F178CE /* DatePickerCell.swift in Sources */,
				78F119E92A042E9D00B52FB3 /* SectionData.swift in Sources */,
				789A23012A067C0300F178CE /* BodyParameterRecordViewModel.swift in Sources */,
				78F119B62A0191EE00B52FB3 /* SceneDelegate.swift in Sources */,
				78F119E12A042D5F00B52FB3 /* HistorySectionHeaderAppearance.swift in Sources */,
				787899DF2A08F31B001AD1D2 /* ParameterControlModule.swift in Sources */,
				78F119DA2A02D0D000B52FB3 /* HistorySectionHeaderView.swift in Sources */,
				789A231C2A078BB000F178CE /* AppCoordinator.swift in Sources */,
				78F119F82A0432F600B52FB3 /* WeightDataProvider.swift in Sources */,
				787899E32A08F353001AD1D2 /* UnitsConvertingData.swift in Sources */,
				789A23122A078A0500F178CE /* BaseCoordinator.swift in Sources */,
				78F119D12A019FA100B52FB3 /* WidgetCell.swift in Sources */,
				78BF15322A080C0500633787 /* ToastPresentable.swift in Sources */,
				78BF15422A08346A00633787 /* BodyParameterAppearance.swift in Sources */,
			);
			runOnlyForDeploymentPostprocessing = 0;
		};
/* End PBXSourcesBuildPhase section */

/* Begin PBXVariantGroup section */
		78F119BE2A0191EF00B52FB3 /* LaunchScreen.storyboard */ = {
			isa = PBXVariantGroup;
			children = (
				78F119BF2A0191EF00B52FB3 /* Base */,
			);
			name = LaunchScreen.storyboard;
			sourceTree = "<group>";
		};
/* End PBXVariantGroup section */

/* Begin XCBuildConfiguration section */
		78F119C22A0191EF00B52FB3 /* Debug */ = {
			isa = XCBuildConfiguration;
			buildSettings = {
				ALWAYS_SEARCH_USER_PATHS = NO;
				CLANG_ANALYZER_NONNULL = YES;
				CLANG_ANALYZER_NUMBER_OBJECT_CONVERSION = YES_AGGRESSIVE;
				CLANG_CXX_LANGUAGE_STANDARD = "gnu++20";
				CLANG_ENABLE_MODULES = YES;
				CLANG_ENABLE_OBJC_ARC = YES;
				CLANG_ENABLE_OBJC_WEAK = YES;
				CLANG_WARN_BLOCK_CAPTURE_AUTORELEASING = YES;
				CLANG_WARN_BOOL_CONVERSION = YES;
				CLANG_WARN_COMMA = YES;
				CLANG_WARN_CONSTANT_CONVERSION = YES;
				CLANG_WARN_DEPRECATED_OBJC_IMPLEMENTATIONS = YES;
				CLANG_WARN_DIRECT_OBJC_ISA_USAGE = YES_ERROR;
				CLANG_WARN_DOCUMENTATION_COMMENTS = YES;
				CLANG_WARN_EMPTY_BODY = YES;
				CLANG_WARN_ENUM_CONVERSION = YES;
				CLANG_WARN_INFINITE_RECURSION = YES;
				CLANG_WARN_INT_CONVERSION = YES;
				CLANG_WARN_NON_LITERAL_NULL_CONVERSION = YES;
				CLANG_WARN_OBJC_IMPLICIT_RETAIN_SELF = YES;
				CLANG_WARN_OBJC_LITERAL_CONVERSION = YES;
				CLANG_WARN_OBJC_ROOT_CLASS = YES_ERROR;
				CLANG_WARN_QUOTED_INCLUDE_IN_FRAMEWORK_HEADER = YES;
				CLANG_WARN_RANGE_LOOP_ANALYSIS = YES;
				CLANG_WARN_STRICT_PROTOTYPES = YES;
				CLANG_WARN_SUSPICIOUS_MOVE = YES;
				CLANG_WARN_UNGUARDED_AVAILABILITY = YES_AGGRESSIVE;
				CLANG_WARN_UNREACHABLE_CODE = YES;
				CLANG_WARN__DUPLICATE_METHOD_MATCH = YES;
				COPY_PHASE_STRIP = NO;
				DEBUG_INFORMATION_FORMAT = dwarf;
				ENABLE_STRICT_OBJC_MSGSEND = YES;
				ENABLE_TESTABILITY = YES;
				GCC_C_LANGUAGE_STANDARD = gnu11;
				GCC_DYNAMIC_NO_PIC = NO;
				GCC_NO_COMMON_BLOCKS = YES;
				GCC_OPTIMIZATION_LEVEL = 0;
				GCC_PREPROCESSOR_DEFINITIONS = (
					"DEBUG=1",
					"$(inherited)",
				);
				GCC_WARN_64_TO_32_BIT_CONVERSION = YES;
				GCC_WARN_ABOUT_RETURN_TYPE = YES_ERROR;
				GCC_WARN_UNDECLARED_SELECTOR = YES;
				GCC_WARN_UNINITIALIZED_AUTOS = YES_AGGRESSIVE;
				GCC_WARN_UNUSED_FUNCTION = YES;
				GCC_WARN_UNUSED_VARIABLE = YES;
				IPHONEOS_DEPLOYMENT_TARGET = 14.0;
				MTL_ENABLE_DEBUG_INFO = INCLUDE_SOURCE;
				MTL_FAST_MATH = YES;
				ONLY_ACTIVE_ARCH = YES;
				SDKROOT = iphoneos;
				SWIFT_ACTIVE_COMPILATION_CONDITIONS = DEBUG;
				SWIFT_OPTIMIZATION_LEVEL = "-Onone";
			};
			name = Debug;
		};
		78F119C32A0191EF00B52FB3 /* Release */ = {
			isa = XCBuildConfiguration;
			buildSettings = {
				ALWAYS_SEARCH_USER_PATHS = NO;
				CLANG_ANALYZER_NONNULL = YES;
				CLANG_ANALYZER_NUMBER_OBJECT_CONVERSION = YES_AGGRESSIVE;
				CLANG_CXX_LANGUAGE_STANDARD = "gnu++20";
				CLANG_ENABLE_MODULES = YES;
				CLANG_ENABLE_OBJC_ARC = YES;
				CLANG_ENABLE_OBJC_WEAK = YES;
				CLANG_WARN_BLOCK_CAPTURE_AUTORELEASING = YES;
				CLANG_WARN_BOOL_CONVERSION = YES;
				CLANG_WARN_COMMA = YES;
				CLANG_WARN_CONSTANT_CONVERSION = YES;
				CLANG_WARN_DEPRECATED_OBJC_IMPLEMENTATIONS = YES;
				CLANG_WARN_DIRECT_OBJC_ISA_USAGE = YES_ERROR;
				CLANG_WARN_DOCUMENTATION_COMMENTS = YES;
				CLANG_WARN_EMPTY_BODY = YES;
				CLANG_WARN_ENUM_CONVERSION = YES;
				CLANG_WARN_INFINITE_RECURSION = YES;
				CLANG_WARN_INT_CONVERSION = YES;
				CLANG_WARN_NON_LITERAL_NULL_CONVERSION = YES;
				CLANG_WARN_OBJC_IMPLICIT_RETAIN_SELF = YES;
				CLANG_WARN_OBJC_LITERAL_CONVERSION = YES;
				CLANG_WARN_OBJC_ROOT_CLASS = YES_ERROR;
				CLANG_WARN_QUOTED_INCLUDE_IN_FRAMEWORK_HEADER = YES;
				CLANG_WARN_RANGE_LOOP_ANALYSIS = YES;
				CLANG_WARN_STRICT_PROTOTYPES = YES;
				CLANG_WARN_SUSPICIOUS_MOVE = YES;
				CLANG_WARN_UNGUARDED_AVAILABILITY = YES_AGGRESSIVE;
				CLANG_WARN_UNREACHABLE_CODE = YES;
				CLANG_WARN__DUPLICATE_METHOD_MATCH = YES;
				COPY_PHASE_STRIP = NO;
				DEBUG_INFORMATION_FORMAT = "dwarf-with-dsym";
				ENABLE_NS_ASSERTIONS = NO;
				ENABLE_STRICT_OBJC_MSGSEND = YES;
				GCC_C_LANGUAGE_STANDARD = gnu11;
				GCC_NO_COMMON_BLOCKS = YES;
				GCC_WARN_64_TO_32_BIT_CONVERSION = YES;
				GCC_WARN_ABOUT_RETURN_TYPE = YES_ERROR;
				GCC_WARN_UNDECLARED_SELECTOR = YES;
				GCC_WARN_UNINITIALIZED_AUTOS = YES_AGGRESSIVE;
				GCC_WARN_UNUSED_FUNCTION = YES;
				GCC_WARN_UNUSED_VARIABLE = YES;
				IPHONEOS_DEPLOYMENT_TARGET = 14.0;
				MTL_ENABLE_DEBUG_INFO = NO;
				MTL_FAST_MATH = YES;
				SDKROOT = iphoneos;
				SWIFT_COMPILATION_MODE = wholemodule;
				SWIFT_OPTIMIZATION_LEVEL = "-O";
				VALIDATE_PRODUCT = YES;
			};
			name = Release;
		};
		78F119C52A0191EF00B52FB3 /* Debug */ = {
			isa = XCBuildConfiguration;
			buildSettings = {
				ASSETCATALOG_COMPILER_APPICON_NAME = AppIcon;
				ASSETCATALOG_COMPILER_GLOBAL_ACCENT_COLOR_NAME = AccentColor;
				CODE_SIGN_STYLE = Automatic;
				CURRENT_PROJECT_VERSION = 1;
				DEVELOPMENT_TEAM = 7D6AC7H6S4;
				GENERATE_INFOPLIST_FILE = YES;
				INFOPLIST_FILE = WeightMonitor/Info.plist;
				INFOPLIST_KEY_UIApplicationSupportsIndirectInputEvents = YES;
				INFOPLIST_KEY_UILaunchStoryboardName = LaunchScreen;
				INFOPLIST_KEY_UIMainStoryboardFile = "";
				INFOPLIST_KEY_UISupportedInterfaceOrientations = UIInterfaceOrientationPortrait;
				INFOPLIST_KEY_UISupportedInterfaceOrientations_iPad = "UIInterfaceOrientationLandscapeLeft UIInterfaceOrientationLandscapeRight UIInterfaceOrientationPortrait UIInterfaceOrientationPortraitUpsideDown";
				LD_RUNPATH_SEARCH_PATHS = (
					"$(inherited)",
					"@executable_path/Frameworks",
				);
				MARKETING_VERSION = 1.0;
				PRODUCT_BUNDLE_IDENTIFIER = com.deviantStudio.ImageFlow.WeightMonitor;
				PRODUCT_NAME = "$(TARGET_NAME)";
				SUPPORTED_PLATFORMS = "iphoneos iphonesimulator";
				SUPPORTS_MACCATALYST = NO;
				SUPPORTS_MAC_DESIGNED_FOR_IPHONE_IPAD = YES;
				SWIFT_EMIT_LOC_STRINGS = YES;
				SWIFT_VERSION = 5.0;
				TARGETED_DEVICE_FAMILY = 1;
			};
			name = Debug;
		};
		78F119C62A0191EF00B52FB3 /* Release */ = {
			isa = XCBuildConfiguration;
			buildSettings = {
				ASSETCATALOG_COMPILER_APPICON_NAME = AppIcon;
				ASSETCATALOG_COMPILER_GLOBAL_ACCENT_COLOR_NAME = AccentColor;
				CODE_SIGN_STYLE = Automatic;
				CURRENT_PROJECT_VERSION = 1;
				DEVELOPMENT_TEAM = 7D6AC7H6S4;
				GENERATE_INFOPLIST_FILE = YES;
				INFOPLIST_FILE = WeightMonitor/Info.plist;
				INFOPLIST_KEY_UIApplicationSupportsIndirectInputEvents = YES;
				INFOPLIST_KEY_UILaunchStoryboardName = LaunchScreen;
				INFOPLIST_KEY_UIMainStoryboardFile = "";
				INFOPLIST_KEY_UISupportedInterfaceOrientations = UIInterfaceOrientationPortrait;
				INFOPLIST_KEY_UISupportedInterfaceOrientations_iPad = "UIInterfaceOrientationLandscapeLeft UIInterfaceOrientationLandscapeRight UIInterfaceOrientationPortrait UIInterfaceOrientationPortraitUpsideDown";
				LD_RUNPATH_SEARCH_PATHS = (
					"$(inherited)",
					"@executable_path/Frameworks",
				);
				MARKETING_VERSION = 1.0;
				PRODUCT_BUNDLE_IDENTIFIER = com.deviantStudio.ImageFlow.WeightMonitor;
				PRODUCT_NAME = "$(TARGET_NAME)";
				SUPPORTED_PLATFORMS = "iphoneos iphonesimulator";
				SUPPORTS_MACCATALYST = NO;
				SUPPORTS_MAC_DESIGNED_FOR_IPHONE_IPAD = YES;
				SWIFT_EMIT_LOC_STRINGS = YES;
				SWIFT_VERSION = 5.0;
				TARGETED_DEVICE_FAMILY = 1;
			};
			name = Release;
		};
/* End XCBuildConfiguration section */

/* Begin XCConfigurationList section */
		78F119AB2A0191EE00B52FB3 /* Build configuration list for PBXProject "WeightMonitor" */ = {
			isa = XCConfigurationList;
			buildConfigurations = (
				78F119C22A0191EF00B52FB3 /* Debug */,
				78F119C32A0191EF00B52FB3 /* Release */,
			);
			defaultConfigurationIsVisible = 0;
			defaultConfigurationName = Release;
		};
		78F119C42A0191EF00B52FB3 /* Build configuration list for PBXNativeTarget "WeightMonitor" */ = {
			isa = XCConfigurationList;
			buildConfigurations = (
				78F119C52A0191EF00B52FB3 /* Debug */,
				78F119C62A0191EF00B52FB3 /* Release */,
			);
			defaultConfigurationIsVisible = 0;
			defaultConfigurationName = Release;
		};
/* End XCConfigurationList section */

/* Begin XCVersionGroup section */
		78F119EE2A042FE900B52FB3 /* BodyParametersCoreDataModel.xcdatamodeld */ = {
			isa = XCVersionGroup;
			children = (
				78F119EF2A042FE900B52FB3 /* WeightCoreDataModel.xcdatamodel */,
			);
			currentVersion = 78F119EF2A042FE900B52FB3 /* WeightCoreDataModel.xcdatamodel */;
			path = BodyParametersCoreDataModel.xcdatamodeld;
			sourceTree = "<group>";
			versionGroupType = wrapper.xcdatamodel;
		};
/* End XCVersionGroup section */
	};
	rootObject = 78F119A82A0191EE00B52FB3 /* Project object */;
}
